// !$*UTF8*$!
{
	archiveVersion = 1;
	classes = {
	};
	objectVersion = 46;
	objects = {

/* Begin PBXBuildFile section */
		3C4F8D0F1F3FE3080026457A /* SANCollectionItem.m in Sources */ = {isa = PBXBuildFile; fileRef = 3C4F8D0E1F3FE3080026457A /* SANCollectionItem.m */; };
		3C4F8D121F3FE44B0026457A /* SANObject.m in Sources */ = {isa = PBXBuildFile; fileRef = 3C4F8D111F3FE44B0026457A /* SANObject.m */; };
		3C4F8D1B1F3FEDFE0026457A /* libcrypto.a in Frameworks */ = {isa = PBXBuildFile; fileRef = 3C4F8D191F3FEDFE0026457A /* libcrypto.a */; };
		3C4F8D1C1F3FEDFE0026457A /* libssl.a in Frameworks */ = {isa = PBXBuildFile; fileRef = 3C4F8D1A1F3FEDFE0026457A /* libssl.a */; };
		3C4F8D6B1F3FEE200026457A /* opensslconf.h.in in Resources */ = {isa = PBXBuildFile; fileRef = 3C4F8D4C1F3FEE200026457A /* opensslconf.h.in */; };
		3CD39AEA1F424CDD00C2D2F3 /* CRFFactory.m in Sources */ = {isa = PBXBuildFile; fileRef = 3CD39AE91F424CDD00C2D2F3 /* CRFFactory.m */; };
		3CD39AEE1F42B7F700C2D2F3 /* CRFFactoryOptions.m in Sources */ = {isa = PBXBuildFile; fileRef = 3CD39AED1F42B7F700C2D2F3 /* CRFFactoryOptions.m */; };
		3CE74CAA1F3FD62600C6E81D /* AppDelegate.m in Sources */ = {isa = PBXBuildFile; fileRef = 3CE74CA91F3FD62600C6E81D /* AppDelegate.m */; };
		3CE74CAD1F3FD62600C6E81D /* main.m in Sources */ = {isa = PBXBuildFile; fileRef = 3CE74CAC1F3FD62600C6E81D /* main.m */; };
		3CE74CB01F3FD62600C6E81D /* ViewController.m in Sources */ = {isa = PBXBuildFile; fileRef = 3CE74CAF1F3FD62600C6E81D /* ViewController.m */; };
		3CE74CB21F3FD62600C6E81D /* Assets.xcassets in Resources */ = {isa = PBXBuildFile; fileRef = 3CE74CB11F3FD62600C6E81D /* Assets.xcassets */; };
		3CE74CB51F3FD62600C6E81D /* Main.storyboard in Resources */ = {isa = PBXBuildFile; fileRef = 3CE74CB31F3FD62600C6E81D /* Main.storyboard */; };
/* End PBXBuildFile section */

/* Begin PBXCopyFilesBuildPhase section */
		3C4F8D171F3FED630026457A /* Embed Frameworks */ = {
			isa = PBXCopyFilesBuildPhase;
			buildActionMask = 2147483647;
			dstPath = "";
			dstSubfolderSpec = 10;
			files = (
			);
			name = "Embed Frameworks";
			runOnlyForDeploymentPostprocessing = 0;
		};
/* End PBXCopyFilesBuildPhase section */

/* Begin PBXFileReference section */
		3C4F8D0D1F3FE3080026457A /* SANCollectionItem.h */ = {isa = PBXFileReference; fileEncoding = 4; lastKnownFileType = sourcecode.c.h; path = SANCollectionItem.h; sourceTree = "<group>"; };
		3C4F8D0E1F3FE3080026457A /* SANCollectionItem.m */ = {isa = PBXFileReference; fileEncoding = 4; lastKnownFileType = sourcecode.c.objc; path = SANCollectionItem.m; sourceTree = "<group>"; };
		3C4F8D101F3FE44B0026457A /* SANObject.h */ = {isa = PBXFileReference; fileEncoding = 4; lastKnownFileType = sourcecode.c.h; path = SANObject.h; sourceTree = "<group>"; };
		3C4F8D111F3FE44B0026457A /* SANObject.m */ = {isa = PBXFileReference; fileEncoding = 4; lastKnownFileType = sourcecode.c.objc; path = SANObject.m; sourceTree = "<group>"; };
		3C4F8D191F3FEDFE0026457A /* libcrypto.a */ = {isa = PBXFileReference; lastKnownFileType = archive.ar; path = libcrypto.a; sourceTree = "<group>"; };
		3C4F8D1A1F3FEDFE0026457A /* libssl.a */ = {isa = PBXFileReference; lastKnownFileType = archive.ar; path = libssl.a; sourceTree = "<group>"; };
		3C4F8D1F1F3FEE200026457A /* __DECC_INCLUDE_EPILOGUE.H */ = {isa = PBXFileReference; fileEncoding = 4; lastKnownFileType = sourcecode.cpp.h; path = __DECC_INCLUDE_EPILOGUE.H; sourceTree = "<group>"; };
		3C4F8D201F3FEE200026457A /* __DECC_INCLUDE_PROLOGUE.H */ = {isa = PBXFileReference; fileEncoding = 4; lastKnownFileType = sourcecode.cpp.h; path = __DECC_INCLUDE_PROLOGUE.H; sourceTree = "<group>"; };
		3C4F8D211F3FEE200026457A /* aes.h */ = {isa = PBXFileReference; fileEncoding = 4; lastKnownFileType = sourcecode.c.h; path = aes.h; sourceTree = "<group>"; };
		3C4F8D221F3FEE200026457A /* asn1_mac.h */ = {isa = PBXFileReference; fileEncoding = 4; lastKnownFileType = sourcecode.c.h; path = asn1_mac.h; sourceTree = "<group>"; };
		3C4F8D231F3FEE200026457A /* asn1.h */ = {isa = PBXFileReference; fileEncoding = 4; lastKnownFileType = sourcecode.c.h; path = asn1.h; sourceTree = "<group>"; };
		3C4F8D241F3FEE200026457A /* asn1t.h */ = {isa = PBXFileReference; fileEncoding = 4; lastKnownFileType = sourcecode.c.h; path = asn1t.h; sourceTree = "<group>"; };
		3C4F8D251F3FEE200026457A /* async.h */ = {isa = PBXFileReference; fileEncoding = 4; lastKnownFileType = sourcecode.c.h; path = async.h; sourceTree = "<group>"; };
		3C4F8D261F3FEE200026457A /* bio.h */ = {isa = PBXFileReference; fileEncoding = 4; lastKnownFileType = sourcecode.c.h; path = bio.h; sourceTree = "<group>"; };
		3C4F8D271F3FEE200026457A /* blowfish.h */ = {isa = PBXFileReference; fileEncoding = 4; lastKnownFileType = sourcecode.c.h; path = blowfish.h; sourceTree = "<group>"; };
		3C4F8D281F3FEE200026457A /* bn.h */ = {isa = PBXFileReference; fileEncoding = 4; lastKnownFileType = sourcecode.c.h; path = bn.h; sourceTree = "<group>"; };
		3C4F8D291F3FEE200026457A /* buffer.h */ = {isa = PBXFileReference; fileEncoding = 4; lastKnownFileType = sourcecode.c.h; path = buffer.h; sourceTree = "<group>"; };
		3C4F8D2A1F3FEE200026457A /* camellia.h */ = {isa = PBXFileReference; fileEncoding = 4; lastKnownFileType = sourcecode.c.h; path = camellia.h; sourceTree = "<group>"; };
		3C4F8D2B1F3FEE200026457A /* cast.h */ = {isa = PBXFileReference; fileEncoding = 4; lastKnownFileType = sourcecode.c.h; path = cast.h; sourceTree = "<group>"; };
		3C4F8D2C1F3FEE200026457A /* cmac.h */ = {isa = PBXFileReference; fileEncoding = 4; lastKnownFileType = sourcecode.c.h; path = cmac.h; sourceTree = "<group>"; };
		3C4F8D2D1F3FEE200026457A /* cms.h */ = {isa = PBXFileReference; fileEncoding = 4; lastKnownFileType = sourcecode.c.h; path = cms.h; sourceTree = "<group>"; };
		3C4F8D2E1F3FEE200026457A /* comp.h */ = {isa = PBXFileReference; fileEncoding = 4; lastKnownFileType = sourcecode.c.h; path = comp.h; sourceTree = "<group>"; };
		3C4F8D2F1F3FEE200026457A /* conf_api.h */ = {isa = PBXFileReference; fileEncoding = 4; lastKnownFileType = sourcecode.c.h; path = conf_api.h; sourceTree = "<group>"; };
		3C4F8D301F3FEE200026457A /* conf.h */ = {isa = PBXFileReference; fileEncoding = 4; lastKnownFileType = sourcecode.c.h; path = conf.h; sourceTree = "<group>"; };
		3C4F8D311F3FEE200026457A /* crypto.h */ = {isa = PBXFileReference; fileEncoding = 4; lastKnownFileType = sourcecode.c.h; path = crypto.h; sourceTree = "<group>"; };
		3C4F8D321F3FEE200026457A /* ct.h */ = {isa = PBXFileReference; fileEncoding = 4; lastKnownFileType = sourcecode.c.h; path = ct.h; sourceTree = "<group>"; };
		3C4F8D331F3FEE200026457A /* des.h */ = {isa = PBXFileReference; fileEncoding = 4; lastKnownFileType = sourcecode.c.h; path = des.h; sourceTree = "<group>"; };
		3C4F8D341F3FEE200026457A /* dh.h */ = {isa = PBXFileReference; fileEncoding = 4; lastKnownFileType = sourcecode.c.h; path = dh.h; sourceTree = "<group>"; };
		3C4F8D351F3FEE200026457A /* dsa.h */ = {isa = PBXFileReference; fileEncoding = 4; lastKnownFileType = sourcecode.c.h; path = dsa.h; sourceTree = "<group>"; };
		3C4F8D361F3FEE200026457A /* dtls1.h */ = {isa = PBXFileReference; fileEncoding = 4; lastKnownFileType = sourcecode.c.h; path = dtls1.h; sourceTree = "<group>"; };
		3C4F8D371F3FEE200026457A /* e_os2.h */ = {isa = PBXFileReference; fileEncoding = 4; lastKnownFileType = sourcecode.c.h; path = e_os2.h; sourceTree = "<group>"; };
		3C4F8D381F3FEE200026457A /* ebcdic.h */ = {isa = PBXFileReference; fileEncoding = 4; lastKnownFileType = sourcecode.c.h; path = ebcdic.h; sourceTree = "<group>"; };
		3C4F8D391F3FEE200026457A /* ec.h */ = {isa = PBXFileReference; fileEncoding = 4; lastKnownFileType = sourcecode.c.h; path = ec.h; sourceTree = "<group>"; };
		3C4F8D3A1F3FEE200026457A /* ecdh.h */ = {isa = PBXFileReference; fileEncoding = 4; lastKnownFileType = sourcecode.c.h; path = ecdh.h; sourceTree = "<group>"; };
		3C4F8D3B1F3FEE200026457A /* ecdsa.h */ = {isa = PBXFileReference; fileEncoding = 4; lastKnownFileType = sourcecode.c.h; path = ecdsa.h; sourceTree = "<group>"; };
		3C4F8D3C1F3FEE200026457A /* engine.h */ = {isa = PBXFileReference; fileEncoding = 4; lastKnownFileType = sourcecode.c.h; path = engine.h; sourceTree = "<group>"; };
		3C4F8D3D1F3FEE200026457A /* err.h */ = {isa = PBXFileReference; fileEncoding = 4; lastKnownFileType = sourcecode.c.h; path = err.h; sourceTree = "<group>"; };
		3C4F8D3E1F3FEE200026457A /* evp.h */ = {isa = PBXFileReference; fileEncoding = 4; lastKnownFileType = sourcecode.c.h; path = evp.h; sourceTree = "<group>"; };
		3C4F8D3F1F3FEE200026457A /* hmac.h */ = {isa = PBXFileReference; fileEncoding = 4; lastKnownFileType = sourcecode.c.h; path = hmac.h; sourceTree = "<group>"; };
		3C4F8D401F3FEE200026457A /* idea.h */ = {isa = PBXFileReference; fileEncoding = 4; lastKnownFileType = sourcecode.c.h; path = idea.h; sourceTree = "<group>"; };
		3C4F8D411F3FEE200026457A /* kdf.h */ = {isa = PBXFileReference; fileEncoding = 4; lastKnownFileType = sourcecode.c.h; path = kdf.h; sourceTree = "<group>"; };
		3C4F8D421F3FEE200026457A /* lhash.h */ = {isa = PBXFileReference; fileEncoding = 4; lastKnownFileType = sourcecode.c.h; path = lhash.h; sourceTree = "<group>"; };
		3C4F8D431F3FEE200026457A /* md2.h */ = {isa = PBXFileReference; fileEncoding = 4; lastKnownFileType = sourcecode.c.h; path = md2.h; sourceTree = "<group>"; };
		3C4F8D441F3FEE200026457A /* md4.h */ = {isa = PBXFileReference; fileEncoding = 4; lastKnownFileType = sourcecode.c.h; path = md4.h; sourceTree = "<group>"; };
		3C4F8D451F3FEE200026457A /* md5.h */ = {isa = PBXFileReference; fileEncoding = 4; lastKnownFileType = sourcecode.c.h; path = md5.h; sourceTree = "<group>"; };
		3C4F8D461F3FEE200026457A /* mdc2.h */ = {isa = PBXFileReference; fileEncoding = 4; lastKnownFileType = sourcecode.c.h; path = mdc2.h; sourceTree = "<group>"; };
		3C4F8D471F3FEE200026457A /* modes.h */ = {isa = PBXFileReference; fileEncoding = 4; lastKnownFileType = sourcecode.c.h; path = modes.h; sourceTree = "<group>"; };
		3C4F8D481F3FEE200026457A /* obj_mac.h */ = {isa = PBXFileReference; fileEncoding = 4; lastKnownFileType = sourcecode.c.h; path = obj_mac.h; sourceTree = "<group>"; };
		3C4F8D491F3FEE200026457A /* objects.h */ = {isa = PBXFileReference; fileEncoding = 4; lastKnownFileType = sourcecode.c.h; path = objects.h; sourceTree = "<group>"; };
		3C4F8D4A1F3FEE200026457A /* ocsp.h */ = {isa = PBXFileReference; fileEncoding = 4; lastKnownFileType = sourcecode.c.h; path = ocsp.h; sourceTree = "<group>"; };
		3C4F8D4B1F3FEE200026457A /* opensslconf.h */ = {isa = PBXFileReference; fileEncoding = 4; lastKnownFileType = sourcecode.c.h; path = opensslconf.h; sourceTree = "<group>"; };
		3C4F8D4C1F3FEE200026457A /* opensslconf.h.in */ = {isa = PBXFileReference; fileEncoding = 4; lastKnownFileType = text; path = opensslconf.h.in; sourceTree = "<group>"; };
		3C4F8D4D1F3FEE200026457A /* opensslv.h */ = {isa = PBXFileReference; fileEncoding = 4; lastKnownFileType = sourcecode.c.h; path = opensslv.h; sourceTree = "<group>"; };
		3C4F8D4E1F3FEE200026457A /* ossl_typ.h */ = {isa = PBXFileReference; fileEncoding = 4; lastKnownFileType = sourcecode.c.h; path = ossl_typ.h; sourceTree = "<group>"; };
		3C4F8D4F1F3FEE200026457A /* pem.h */ = {isa = PBXFileReference; fileEncoding = 4; lastKnownFileType = sourcecode.c.h; path = pem.h; sourceTree = "<group>"; };
		3C4F8D501F3FEE200026457A /* pem2.h */ = {isa = PBXFileReference; fileEncoding = 4; lastKnownFileType = sourcecode.c.h; path = pem2.h; sourceTree = "<group>"; };
		3C4F8D511F3FEE200026457A /* pkcs7.h */ = {isa = PBXFileReference; fileEncoding = 4; lastKnownFileType = sourcecode.c.h; path = pkcs7.h; sourceTree = "<group>"; };
		3C4F8D521F3FEE200026457A /* pkcs12.h */ = {isa = PBXFileReference; fileEncoding = 4; lastKnownFileType = sourcecode.c.h; path = pkcs12.h; sourceTree = "<group>"; };
		3C4F8D531F3FEE200026457A /* rand.h */ = {isa = PBXFileReference; fileEncoding = 4; lastKnownFileType = sourcecode.c.h; path = rand.h; sourceTree = "<group>"; };
		3C4F8D541F3FEE200026457A /* rc2.h */ = {isa = PBXFileReference; fileEncoding = 4; lastKnownFileType = sourcecode.c.h; path = rc2.h; sourceTree = "<group>"; };
		3C4F8D551F3FEE200026457A /* rc4.h */ = {isa = PBXFileReference; fileEncoding = 4; lastKnownFileType = sourcecode.c.h; path = rc4.h; sourceTree = "<group>"; };
		3C4F8D561F3FEE200026457A /* rc5.h */ = {isa = PBXFileReference; fileEncoding = 4; lastKnownFileType = sourcecode.c.h; path = rc5.h; sourceTree = "<group>"; };
		3C4F8D571F3FEE200026457A /* ripemd.h */ = {isa = PBXFileReference; fileEncoding = 4; lastKnownFileType = sourcecode.c.h; path = ripemd.h; sourceTree = "<group>"; };
		3C4F8D581F3FEE200026457A /* rsa.h */ = {isa = PBXFileReference; fileEncoding = 4; lastKnownFileType = sourcecode.c.h; path = rsa.h; sourceTree = "<group>"; };
		3C4F8D591F3FEE200026457A /* safestack.h */ = {isa = PBXFileReference; fileEncoding = 4; lastKnownFileType = sourcecode.c.h; path = safestack.h; sourceTree = "<group>"; };
		3C4F8D5A1F3FEE200026457A /* seed.h */ = {isa = PBXFileReference; fileEncoding = 4; lastKnownFileType = sourcecode.c.h; path = seed.h; sourceTree = "<group>"; };
		3C4F8D5B1F3FEE200026457A /* sha.h */ = {isa = PBXFileReference; fileEncoding = 4; lastKnownFileType = sourcecode.c.h; path = sha.h; sourceTree = "<group>"; };
		3C4F8D5C1F3FEE200026457A /* srp.h */ = {isa = PBXFileReference; fileEncoding = 4; lastKnownFileType = sourcecode.c.h; path = srp.h; sourceTree = "<group>"; };
		3C4F8D5D1F3FEE200026457A /* srtp.h */ = {isa = PBXFileReference; fileEncoding = 4; lastKnownFileType = sourcecode.c.h; path = srtp.h; sourceTree = "<group>"; };
		3C4F8D5E1F3FEE200026457A /* ssl.h */ = {isa = PBXFileReference; fileEncoding = 4; lastKnownFileType = sourcecode.c.h; path = ssl.h; sourceTree = "<group>"; };
		3C4F8D5F1F3FEE200026457A /* ssl2.h */ = {isa = PBXFileReference; fileEncoding = 4; lastKnownFileType = sourcecode.c.h; path = ssl2.h; sourceTree = "<group>"; };
		3C4F8D601F3FEE200026457A /* ssl3.h */ = {isa = PBXFileReference; fileEncoding = 4; lastKnownFileType = sourcecode.c.h; path = ssl3.h; sourceTree = "<group>"; };
		3C4F8D611F3FEE200026457A /* stack.h */ = {isa = PBXFileReference; fileEncoding = 4; lastKnownFileType = sourcecode.c.h; path = stack.h; sourceTree = "<group>"; };
		3C4F8D621F3FEE200026457A /* symhacks.h */ = {isa = PBXFileReference; fileEncoding = 4; lastKnownFileType = sourcecode.c.h; path = symhacks.h; sourceTree = "<group>"; };
		3C4F8D631F3FEE200026457A /* tls1.h */ = {isa = PBXFileReference; fileEncoding = 4; lastKnownFileType = sourcecode.c.h; path = tls1.h; sourceTree = "<group>"; };
		3C4F8D641F3FEE200026457A /* ts.h */ = {isa = PBXFileReference; fileEncoding = 4; lastKnownFileType = sourcecode.c.h; path = ts.h; sourceTree = "<group>"; };
		3C4F8D651F3FEE200026457A /* txt_db.h */ = {isa = PBXFileReference; fileEncoding = 4; lastKnownFileType = sourcecode.c.h; path = txt_db.h; sourceTree = "<group>"; };
		3C4F8D661F3FEE200026457A /* ui.h */ = {isa = PBXFileReference; fileEncoding = 4; lastKnownFileType = sourcecode.c.h; path = ui.h; sourceTree = "<group>"; };
		3C4F8D671F3FEE200026457A /* whrlpool.h */ = {isa = PBXFileReference; fileEncoding = 4; lastKnownFileType = sourcecode.c.h; path = whrlpool.h; sourceTree = "<group>"; };
		3C4F8D681F3FEE200026457A /* x509_vfy.h */ = {isa = PBXFileReference; fileEncoding = 4; lastKnownFileType = sourcecode.c.h; path = x509_vfy.h; sourceTree = "<group>"; };
		3C4F8D691F3FEE200026457A /* x509.h */ = {isa = PBXFileReference; fileEncoding = 4; lastKnownFileType = sourcecode.c.h; path = x509.h; sourceTree = "<group>"; };
		3C4F8D6A1F3FEE200026457A /* x509v3.h */ = {isa = PBXFileReference; fileEncoding = 4; lastKnownFileType = sourcecode.c.h; path = x509v3.h; sourceTree = "<group>"; };
		3CD39AE81F424CDD00C2D2F3 /* CRFFactory.h */ = {isa = PBXFileReference; fileEncoding = 4; lastKnownFileType = sourcecode.c.h; path = CRFFactory.h; sourceTree = "<group>"; };
		3CD39AE91F424CDD00C2D2F3 /* CRFFactory.m */ = {isa = PBXFileReference; fileEncoding = 4; lastKnownFileType = sourcecode.c.objc; path = CRFFactory.m; sourceTree = "<group>"; };
		3CD39AEB1F424FE700C2D2F3 /* PrefixHeader.pch */ = {isa = PBXFileReference; fileEncoding = 4; lastKnownFileType = sourcecode.c.h; path = PrefixHeader.pch; sourceTree = "<group>"; };
		3CD39AEC1F42B7F700C2D2F3 /* CRFFactoryOptions.h */ = {isa = PBXFileReference; fileEncoding = 4; lastKnownFileType = sourcecode.c.h; path = CRFFactoryOptions.h; sourceTree = "<group>"; };
		3CD39AED1F42B7F700C2D2F3 /* CRFFactoryOptions.m */ = {isa = PBXFileReference; fileEncoding = 4; lastKnownFileType = sourcecode.c.objc; path = CRFFactoryOptions.m; sourceTree = "<group>"; };
		3CE74CA51F3FD62600C6E81D /* Certificate Factory.app */ = {isa = PBXFileReference; explicitFileType = wrapper.application; includeInIndex = 0; path = "Certificate Factory.app"; sourceTree = BUILT_PRODUCTS_DIR; };
		3CE74CA81F3FD62600C6E81D /* AppDelegate.h */ = {isa = PBXFileReference; lastKnownFileType = sourcecode.c.h; path = AppDelegate.h; sourceTree = "<group>"; };
		3CE74CA91F3FD62600C6E81D /* AppDelegate.m */ = {isa = PBXFileReference; lastKnownFileType = sourcecode.c.objc; path = AppDelegate.m; sourceTree = "<group>"; };
		3CE74CAC1F3FD62600C6E81D /* main.m */ = {isa = PBXFileReference; lastKnownFileType = sourcecode.c.objc; path = main.m; sourceTree = "<group>"; };
		3CE74CAE1F3FD62600C6E81D /* ViewController.h */ = {isa = PBXFileReference; lastKnownFileType = sourcecode.c.h; path = ViewController.h; sourceTree = "<group>"; };
		3CE74CAF1F3FD62600C6E81D /* ViewController.m */ = {isa = PBXFileReference; lastKnownFileType = sourcecode.c.objc; path = ViewController.m; sourceTree = "<group>"; };
		3CE74CB11F3FD62600C6E81D /* Assets.xcassets */ = {isa = PBXFileReference; lastKnownFileType = folder.assetcatalog; path = Assets.xcassets; sourceTree = "<group>"; };
		3CE74CB41F3FD62600C6E81D /* Base */ = {isa = PBXFileReference; lastKnownFileType = file.storyboard; name = Base; path = Base.lproj/Main.storyboard; sourceTree = "<group>"; };
		3CE74CB61F3FD62600C6E81D /* Info.plist */ = {isa = PBXFileReference; lastKnownFileType = text.plist.xml; path = Info.plist; sourceTree = "<group>"; };
/* End PBXFileReference section */

/* Begin PBXFrameworksBuildPhase section */
		3CE74CA21F3FD62600C6E81D /* Frameworks */ = {
			isa = PBXFrameworksBuildPhase;
			buildActionMask = 2147483647;
			files = (
				3C4F8D1C1F3FEDFE0026457A /* libssl.a in Frameworks */,
				3C4F8D1B1F3FEDFE0026457A /* libcrypto.a in Frameworks */,
			);
			runOnlyForDeploymentPostprocessing = 0;
		};
/* End PBXFrameworksBuildPhase section */

/* Begin PBXGroup section */
		3C4F8D181F3FEDD40026457A /* OpenSSL */ = {
			isa = PBXGroup;
			children = (
				3C4F8D1D1F3FEE050026457A /* include */,
				3C4F8D191F3FEDFE0026457A /* libcrypto.a */,
				3C4F8D1A1F3FEDFE0026457A /* libssl.a */,
			);
			path = OpenSSL;
			sourceTree = "<group>";
		};
		3C4F8D1D1F3FEE050026457A /* include */ = {
			isa = PBXGroup;
			children = (
				3C4F8D1E1F3FEE0C0026457A /* openssl */,
			);
			path = include;
			sourceTree = "<group>";
		};
		3C4F8D1E1F3FEE0C0026457A /* openssl */ = {
			isa = PBXGroup;
			children = (
				3C4F8D1F1F3FEE200026457A /* __DECC_INCLUDE_EPILOGUE.H */,
				3C4F8D201F3FEE200026457A /* __DECC_INCLUDE_PROLOGUE.H */,
				3C4F8D211F3FEE200026457A /* aes.h */,
				3C4F8D221F3FEE200026457A /* asn1_mac.h */,
				3C4F8D231F3FEE200026457A /* asn1.h */,
				3C4F8D241F3FEE200026457A /* asn1t.h */,
				3C4F8D251F3FEE200026457A /* async.h */,
				3C4F8D261F3FEE200026457A /* bio.h */,
				3C4F8D271F3FEE200026457A /* blowfish.h */,
				3C4F8D281F3FEE200026457A /* bn.h */,
				3C4F8D291F3FEE200026457A /* buffer.h */,
				3C4F8D2A1F3FEE200026457A /* camellia.h */,
				3C4F8D2B1F3FEE200026457A /* cast.h */,
				3C4F8D2C1F3FEE200026457A /* cmac.h */,
				3C4F8D2D1F3FEE200026457A /* cms.h */,
				3C4F8D2E1F3FEE200026457A /* comp.h */,
				3C4F8D2F1F3FEE200026457A /* conf_api.h */,
				3C4F8D301F3FEE200026457A /* conf.h */,
				3C4F8D311F3FEE200026457A /* crypto.h */,
				3C4F8D321F3FEE200026457A /* ct.h */,
				3C4F8D331F3FEE200026457A /* des.h */,
				3C4F8D341F3FEE200026457A /* dh.h */,
				3C4F8D351F3FEE200026457A /* dsa.h */,
				3C4F8D361F3FEE200026457A /* dtls1.h */,
				3C4F8D371F3FEE200026457A /* e_os2.h */,
				3C4F8D381F3FEE200026457A /* ebcdic.h */,
				3C4F8D391F3FEE200026457A /* ec.h */,
				3C4F8D3A1F3FEE200026457A /* ecdh.h */,
				3C4F8D3B1F3FEE200026457A /* ecdsa.h */,
				3C4F8D3C1F3FEE200026457A /* engine.h */,
				3C4F8D3D1F3FEE200026457A /* err.h */,
				3C4F8D3E1F3FEE200026457A /* evp.h */,
				3C4F8D3F1F3FEE200026457A /* hmac.h */,
				3C4F8D401F3FEE200026457A /* idea.h */,
				3C4F8D411F3FEE200026457A /* kdf.h */,
				3C4F8D421F3FEE200026457A /* lhash.h */,
				3C4F8D431F3FEE200026457A /* md2.h */,
				3C4F8D441F3FEE200026457A /* md4.h */,
				3C4F8D451F3FEE200026457A /* md5.h */,
				3C4F8D461F3FEE200026457A /* mdc2.h */,
				3C4F8D471F3FEE200026457A /* modes.h */,
				3C4F8D481F3FEE200026457A /* obj_mac.h */,
				3C4F8D491F3FEE200026457A /* objects.h */,
				3C4F8D4A1F3FEE200026457A /* ocsp.h */,
				3C4F8D4B1F3FEE200026457A /* opensslconf.h */,
				3C4F8D4C1F3FEE200026457A /* opensslconf.h.in */,
				3C4F8D4D1F3FEE200026457A /* opensslv.h */,
				3C4F8D4E1F3FEE200026457A /* ossl_typ.h */,
				3C4F8D4F1F3FEE200026457A /* pem.h */,
				3C4F8D501F3FEE200026457A /* pem2.h */,
				3C4F8D511F3FEE200026457A /* pkcs7.h */,
				3C4F8D521F3FEE200026457A /* pkcs12.h */,
				3C4F8D531F3FEE200026457A /* rand.h */,
				3C4F8D541F3FEE200026457A /* rc2.h */,
				3C4F8D551F3FEE200026457A /* rc4.h */,
				3C4F8D561F3FEE200026457A /* rc5.h */,
				3C4F8D571F3FEE200026457A /* ripemd.h */,
				3C4F8D581F3FEE200026457A /* rsa.h */,
				3C4F8D591F3FEE200026457A /* safestack.h */,
				3C4F8D5A1F3FEE200026457A /* seed.h */,
				3C4F8D5B1F3FEE200026457A /* sha.h */,
				3C4F8D5C1F3FEE200026457A /* srp.h */,
				3C4F8D5D1F3FEE200026457A /* srtp.h */,
				3C4F8D5E1F3FEE200026457A /* ssl.h */,
				3C4F8D5F1F3FEE200026457A /* ssl2.h */,
				3C4F8D601F3FEE200026457A /* ssl3.h */,
				3C4F8D611F3FEE200026457A /* stack.h */,
				3C4F8D621F3FEE200026457A /* symhacks.h */,
				3C4F8D631F3FEE200026457A /* tls1.h */,
				3C4F8D641F3FEE200026457A /* ts.h */,
				3C4F8D651F3FEE200026457A /* txt_db.h */,
				3C4F8D661F3FEE200026457A /* ui.h */,
				3C4F8D671F3FEE200026457A /* whrlpool.h */,
				3C4F8D681F3FEE200026457A /* x509_vfy.h */,
				3C4F8D691F3FEE200026457A /* x509.h */,
				3C4F8D6A1F3FEE200026457A /* x509v3.h */,
			);
			path = openssl;
			sourceTree = "<group>";
		};
		3CE74C9C1F3FD62600C6E81D = {
			isa = PBXGroup;
			children = (
				3CE74CA71F3FD62600C6E81D /* Certificate Factory */,
				3CE74CA61F3FD62600C6E81D /* Products */,
			);
			sourceTree = "<group>";
		};
		3CE74CA61F3FD62600C6E81D /* Products */ = {
			isa = PBXGroup;
			children = (
				3CE74CA51F3FD62600C6E81D /* Certificate Factory.app */,
			);
			name = Products;
			sourceTree = "<group>";
		};
		3CE74CA71F3FD62600C6E81D /* Certificate Factory */ = {
			isa = PBXGroup;
			children = (
				3CE74CA81F3FD62600C6E81D /* AppDelegate.h */,
				3CE74CA91F3FD62600C6E81D /* AppDelegate.m */,
				3CE74CAE1F3FD62600C6E81D /* ViewController.h */,
				3CE74CAF1F3FD62600C6E81D /* ViewController.m */,
				3C4F8D101F3FE44B0026457A /* SANObject.h */,
				3C4F8D111F3FE44B0026457A /* SANObject.m */,
				3CD39AE81F424CDD00C2D2F3 /* CRFFactory.h */,
				3CD39AE91F424CDD00C2D2F3 /* CRFFactory.m */,
				3CD39AEC1F42B7F700C2D2F3 /* CRFFactoryOptions.h */,
				3CD39AED1F42B7F700C2D2F3 /* CRFFactoryOptions.m */,
				3CE74CB11F3FD62600C6E81D /* Assets.xcassets */,
				3CE74CB31F3FD62600C6E81D /* Main.storyboard */,
				3C4F8D0D1F3FE3080026457A /* SANCollectionItem.h */,
				3C4F8D0E1F3FE3080026457A /* SANCollectionItem.m */,
				3CD39AEB1F424FE700C2D2F3 /* PrefixHeader.pch */,
				3CE74CB61F3FD62600C6E81D /* Info.plist */,
				3CE74CAB1F3FD62600C6E81D /* Supporting Files */,
			);
			path = "Certificate Factory";
			sourceTree = "<group>";
		};
		3CE74CAB1F3FD62600C6E81D /* Supporting Files */ = {
			isa = PBXGroup;
			children = (
				3C4F8D181F3FEDD40026457A /* OpenSSL */,
				3CE74CAC1F3FD62600C6E81D /* main.m */,
			);
			name = "Supporting Files";
			sourceTree = "<group>";
		};
/* End PBXGroup section */

/* Begin PBXNativeTarget section */
		3CE74CA41F3FD62600C6E81D /* Certificate Factory */ = {
			isa = PBXNativeTarget;
			buildConfigurationList = 3CE74CB91F3FD62600C6E81D /* Build configuration list for PBXNativeTarget "Certificate Factory" */;
			buildPhases = (
				3CE74CA11F3FD62600C6E81D /* Sources */,
				3CE74CA21F3FD62600C6E81D /* Frameworks */,
				3CE74CA31F3FD62600C6E81D /* Resources */,
				3C4F8D171F3FED630026457A /* Embed Frameworks */,
			);
			buildRules = (
			);
			dependencies = (
			);
			name = "Certificate Factory";
			productName = "Certificate Factory";
			productReference = 3CE74CA51F3FD62600C6E81D /* Certificate Factory.app */;
			productType = "com.apple.product-type.application";
		};
/* End PBXNativeTarget section */

/* Begin PBXProject section */
		3CE74C9D1F3FD62600C6E81D /* Project object */ = {
			isa = PBXProject;
			attributes = {
				LastUpgradeCheck = 0830;
				ORGANIZATIONNAME = "Ian Spence";
				TargetAttributes = {
					3CE74CA41F3FD62600C6E81D = {
						CreatedOnToolsVersion = 8.3.3;
						DevelopmentTeam = WCW84NC7Y8;
						ProvisioningStyle = Manual;
					};
				};
			};
			buildConfigurationList = 3CE74CA01F3FD62600C6E81D /* Build configuration list for PBXProject "Certificate Factory" */;
			compatibilityVersion = "Xcode 3.2";
			developmentRegion = English;
			hasScannedForEncodings = 0;
			knownRegions = (
				en,
				Base,
			);
			mainGroup = 3CE74C9C1F3FD62600C6E81D;
			productRefGroup = 3CE74CA61F3FD62600C6E81D /* Products */;
			projectDirPath = "";
			projectRoot = "";
			targets = (
				3CE74CA41F3FD62600C6E81D /* Certificate Factory */,
			);
		};
/* End PBXProject section */

/* Begin PBXResourcesBuildPhase section */
		3CE74CA31F3FD62600C6E81D /* Resources */ = {
			isa = PBXResourcesBuildPhase;
			buildActionMask = 2147483647;
			files = (
				3C4F8D6B1F3FEE200026457A /* opensslconf.h.in in Resources */,
				3CE74CB21F3FD62600C6E81D /* Assets.xcassets in Resources */,
				3CE74CB51F3FD62600C6E81D /* Main.storyboard in Resources */,
			);
			runOnlyForDeploymentPostprocessing = 0;
		};
/* End PBXResourcesBuildPhase section */

/* Begin PBXSourcesBuildPhase section */
		3CE74CA11F3FD62600C6E81D /* Sources */ = {
			isa = PBXSourcesBuildPhase;
			buildActionMask = 2147483647;
			files = (
				3CE74CB01F3FD62600C6E81D /* ViewController.m in Sources */,
				3CE74CAD1F3FD62600C6E81D /* main.m in Sources */,
				3CD39AEE1F42B7F700C2D2F3 /* CRFFactoryOptions.m in Sources */,
				3CD39AEA1F424CDD00C2D2F3 /* CRFFactory.m in Sources */,
				3CE74CAA1F3FD62600C6E81D /* AppDelegate.m in Sources */,
				3C4F8D121F3FE44B0026457A /* SANObject.m in Sources */,
				3C4F8D0F1F3FE3080026457A /* SANCollectionItem.m in Sources */,
			);
			runOnlyForDeploymentPostprocessing = 0;
		};
/* End PBXSourcesBuildPhase section */

/* Begin PBXVariantGroup section */
		3CE74CB31F3FD62600C6E81D /* Main.storyboard */ = {
			isa = PBXVariantGroup;
			children = (
				3CE74CB41F3FD62600C6E81D /* Base */,
			);
			name = Main.storyboard;
			sourceTree = "<group>";
		};
/* End PBXVariantGroup section */

/* Begin XCBuildConfiguration section */
		3CE74CB71F3FD62600C6E81D /* Debug */ = {
			isa = XCBuildConfiguration;
			buildSettings = {
				ALWAYS_SEARCH_USER_PATHS = NO;
				CLANG_ANALYZER_NONNULL = YES;
				CLANG_ANALYZER_NUMBER_OBJECT_CONVERSION = YES_AGGRESSIVE;
				CLANG_CXX_LANGUAGE_STANDARD = "gnu++0x";
				CLANG_CXX_LIBRARY = "libc++";
				CLANG_ENABLE_MODULES = YES;
				CLANG_ENABLE_OBJC_ARC = YES;
				CLANG_WARN_BOOL_CONVERSION = YES;
				CLANG_WARN_CONSTANT_CONVERSION = YES;
				CLANG_WARN_DIRECT_OBJC_ISA_USAGE = YES_ERROR;
				CLANG_WARN_DOCUMENTATION_COMMENTS = YES;
				CLANG_WARN_EMPTY_BODY = YES;
				CLANG_WARN_ENUM_CONVERSION = YES;
				CLANG_WARN_INFINITE_RECURSION = YES;
				CLANG_WARN_INT_CONVERSION = YES;
				CLANG_WARN_OBJC_ROOT_CLASS = YES_ERROR;
				CLANG_WARN_SUSPICIOUS_MOVE = YES;
				CLANG_WARN_UNREACHABLE_CODE = YES;
				CLANG_WARN__DUPLICATE_METHOD_MATCH = YES;
				CODE_SIGN_IDENTITY = "";
				COPY_PHASE_STRIP = NO;
				DEBUG_INFORMATION_FORMAT = dwarf;
				ENABLE_STRICT_OBJC_MSGSEND = YES;
				ENABLE_TESTABILITY = YES;
				GCC_C_LANGUAGE_STANDARD = gnu99;
				GCC_DYNAMIC_NO_PIC = NO;
				GCC_NO_COMMON_BLOCKS = YES;
				GCC_OPTIMIZATION_LEVEL = 0;
				GCC_PREPROCESSOR_DEFINITIONS = (
					"DEBUG=1",
					"$(inherited)",
				);
				GCC_WARN_64_TO_32_BIT_CONVERSION = YES;
				GCC_WARN_ABOUT_RETURN_TYPE = YES_ERROR;
				GCC_WARN_UNDECLARED_SELECTOR = YES;
				GCC_WARN_UNINITIALIZED_AUTOS = YES_AGGRESSIVE;
				GCC_WARN_UNUSED_FUNCTION = YES;
				GCC_WARN_UNUSED_VARIABLE = YES;
				MACOSX_DEPLOYMENT_TARGET = 10.12;
				MTL_ENABLE_DEBUG_INFO = YES;
				ONLY_ACTIVE_ARCH = YES;
				SDKROOT = macosx;
			};
			name = Debug;
		};
		3CE74CB81F3FD62600C6E81D /* Release */ = {
			isa = XCBuildConfiguration;
			buildSettings = {
				ALWAYS_SEARCH_USER_PATHS = NO;
				CLANG_ANALYZER_NONNULL = YES;
				CLANG_ANALYZER_NUMBER_OBJECT_CONVERSION = YES_AGGRESSIVE;
				CLANG_CXX_LANGUAGE_STANDARD = "gnu++0x";
				CLANG_CXX_LIBRARY = "libc++";
				CLANG_ENABLE_MODULES = YES;
				CLANG_ENABLE_OBJC_ARC = YES;
				CLANG_WARN_BOOL_CONVERSION = YES;
				CLANG_WARN_CONSTANT_CONVERSION = YES;
				CLANG_WARN_DIRECT_OBJC_ISA_USAGE = YES_ERROR;
				CLANG_WARN_DOCUMENTATION_COMMENTS = YES;
				CLANG_WARN_EMPTY_BODY = YES;
				CLANG_WARN_ENUM_CONVERSION = YES;
				CLANG_WARN_INFINITE_RECURSION = YES;
				CLANG_WARN_INT_CONVERSION = YES;
				CLANG_WARN_OBJC_ROOT_CLASS = YES_ERROR;
				CLANG_WARN_SUSPICIOUS_MOVE = YES;
				CLANG_WARN_UNREACHABLE_CODE = YES;
				CLANG_WARN__DUPLICATE_METHOD_MATCH = YES;
				CODE_SIGN_IDENTITY = "";
				COPY_PHASE_STRIP = NO;
				DEBUG_INFORMATION_FORMAT = "dwarf-with-dsym";
				ENABLE_NS_ASSERTIONS = NO;
				ENABLE_STRICT_OBJC_MSGSEND = YES;
				GCC_C_LANGUAGE_STANDARD = gnu99;
				GCC_NO_COMMON_BLOCKS = YES;
				GCC_WARN_64_TO_32_BIT_CONVERSION = YES;
				GCC_WARN_ABOUT_RETURN_TYPE = YES_ERROR;
				GCC_WARN_UNDECLARED_SELECTOR = YES;
				GCC_WARN_UNINITIALIZED_AUTOS = YES_AGGRESSIVE;
				GCC_WARN_UNUSED_FUNCTION = YES;
				GCC_WARN_UNUSED_VARIABLE = YES;
				MACOSX_DEPLOYMENT_TARGET = 10.12;
				MTL_ENABLE_DEBUG_INFO = NO;
				SDKROOT = macosx;
			};
			name = Release;
		};
		3CE74CBA1F3FD62600C6E81D /* Debug */ = {
			isa = XCBuildConfiguration;
			buildSettings = {
				ASSETCATALOG_COMPILER_APPICON_NAME = AppIcon;
				CODE_SIGN_IDENTITY = "Mac Developer";
				COMBINE_HIDPI_IMAGES = YES;
				DEVELOPMENT_TEAM = WCW84NC7Y8;
				FRAMEWORK_SEARCH_PATHS = (
					"$(inherited)",
					"$(PROJECT_DIR)/Certificate\\ Factory",
				);
				GCC_PREFIX_HEADER = "Certificate Factory/PrefixHeader.pch";
				HEADER_SEARCH_PATHS = "$(PROJECT_DIR)/Certificate\\ Factory/OpenSSL/include";
				INFOPLIST_FILE = "Certificate Factory/Info.plist";
				LD_RUNPATH_SEARCH_PATHS = "$(inherited) @executable_path/../Frameworks";
				LIBRARY_SEARCH_PATHS = (
					"$(inherited)",
					"$(PROJECT_DIR)/Certificate\\ Factory/OpenSSL",
				);
				PRODUCT_BUNDLE_IDENTIFIER = "com.ecnepsnai.Certificate-Factory";
				PRODUCT_NAME = "$(TARGET_NAME)";
				PROVISIONING_PROFILE_SPECIFIER = "";
			};
			name = Debug;
		};
		3CE74CBB1F3FD62600C6E81D /* Release */ = {
			isa = XCBuildConfiguration;
			buildSettings = {
				ASSETCATALOG_COMPILER_APPICON_NAME = AppIcon;
				CODE_SIGN_IDENTITY = "3rd Party Mac Developer Application";
				COMBINE_HIDPI_IMAGES = YES;
				DEVELOPMENT_TEAM = WCW84NC7Y8;
				FRAMEWORK_SEARCH_PATHS = (
					"$(inherited)",
					"$(PROJECT_DIR)/Certificate\\ Factory",
				);
				GCC_PREFIX_HEADER = "Certificate Factory/PrefixHeader.pch";
				HEADER_SEARCH_PATHS = "$(PROJECT_DIR)/Certificate\\ Factory/OpenSSL/include";
				INFOPLIST_FILE = "Certificate Factory/Info.plist";
				LD_RUNPATH_SEARCH_PATHS = "$(inherited) @executable_path/../Frameworks";
				LIBRARY_SEARCH_PATHS = (
					"$(inherited)",
					"$(PROJECT_DIR)/Certificate\\ Factory/OpenSSL",
				);
				PRODUCT_BUNDLE_IDENTIFIER = "com.ecnepsnai.Certificate-Factory";
				PRODUCT_NAME = "$(TARGET_NAME)";
				PROVISIONING_PROFILE_SPECIFIER = "";
			};
			name = Release;
		};
/* End XCBuildConfiguration section */

/* Begin XCConfigurationList section */
		3CE74CA01F3FD62600C6E81D /* Build configuration list for PBXProject "Certificate Factory" */ = {
			isa = XCConfigurationList;
			buildConfigurations = (
				3CE74CB71F3FD62600C6E81D /* Debug */,
				3CE74CB81F3FD62600C6E81D /* Release */,
			);
			defaultConfigurationIsVisible = 0;
			defaultConfigurationName = Release;
		};
		3CE74CB91F3FD62600C6E81D /* Build configuration list for PBXNativeTarget "Certificate Factory" */ = {
			isa = XCConfigurationList;
			buildConfigurations = (
				3CE74CBA1F3FD62600C6E81D /* Debug */,
				3CE74CBB1F3FD62600C6E81D /* Release */,
			);
			defaultConfigurationIsVisible = 0;
			defaultConfigurationName = Release;
		};
/* End XCConfigurationList section */
	};
	rootObject = 3CE74C9D1F3FD62600C6E81D /* Project object */;
}
